
Microsoft Visual Studio Solution File, Format Version 12.00
# Visual Studio Version 17
VisualStudioVersion = 17.14.36109.1 d17.14
MinimumVisualStudioVersion = 10.0.40219.1
Project("{FAE04EC0-301F-11D3-BF4B-00C04F79EFBC}") = "MvcSeyehatSitesi_20.10.2025", "MvcSeyehatSitesi_20.10.2025.csproj", "{4B4C9177-3DD7-08E5-0F8F-0FA021A99C27}"
EndProject
Global
	GlobalSection(SolutionConfigurationPlatforms) = preSolution
		Debug|Any CPU = Debug|Any CPU
		Release|Any CPU = Release|Any CPU
	EndGlobalSection
	GlobalSection(ProjectConfigurationPlatforms) = postSolution
		{4B4C9177-3DD7-08E5-0F8F-0FA021A99C27}.Debug|Any CPU.ActiveCfg = Debug|Any CPU
		{4B4C9177-3DD7-08E5-0F8F-0FA021A99C27}.Debug|Any CPU.Build.0 = Debug|Any CPU
		{4B4C9177-3DD7-08E5-0F8F-0FA021A99C27}.Release|Any CPU.ActiveCfg = Release|Any CPU
		{4B4C9177-3DD7-08E5-0F8F-0FA021A99C27}.Release|Any CPU.Build.0 = Release|Any CPU
	EndGlobalSection
	GlobalSection(SolutionProperties) = preSolution
		HideSolutionNode = FALSE
	EndGlobalSection
	GlobalSection(ExtensibilityGlobals) = postSolution
		SolutionGuid = {847C643E-B91A-4137-93A2-6854AAAF351E}
	EndGlobalSection
EndGlobal
